schema: '2.0'
stages:
  data_ingestion:
    cmd: python src/data/data_ingestion.py
    deps:
    - path: src/data/data_ingestion.py
      hash: md5
      md5: caaf549d488798bd2084e75336efb97f
      size: 4219
    params:
      params.yaml:
        data_ingestion.test_size: 0.25
    outs:
    - path: data/raw
      hash: md5
      md5: 661f9e98e322fdbd4e565be133b8a748.dir
      size: 6882906
      nfiles: 2
  data_preprocessing:
    cmd: python src/data/data_preprocessing.py
    deps:
    - path: data/raw/test.csv
      hash: md5
      md5: 7bcce30bf2a1cb8266436615cd99626e
      size: 1671731
    - path: data/raw/train.csv
      hash: md5
      md5: 9b68c84a82a9223b7605d7b5b5393ca4
      size: 5211175
    - path: src/data/data_preprocessing.py
      hash: md5
      md5: ab3471e73b63bb3ea39dde94d8af209f
      size: 3713
    outs:
    - path: data/interim
      hash: md5
      md5: 28d0f447f3462af1a0629108397c4907.dir
      size: 5095933
      nfiles: 2
  model_building:
    cmd: python src/model/model_building.py
    deps:
    - path: data/interim/train_processed.csv
      hash: md5
      md5: a5fc267eaac735187fc4699767d0d70e
      size: 3857115
    - path: src/model/model_building.py
      hash: md5
      md5: fd2e5a501601116a3bf8d2b8a59853ff
      size: 5473
    params:
      params.yaml:
        model_building.learning_rate: 0.09
        model_building.max_depth: 20
        model_building.max_features: 10000
        model_building.n_estimators: 367
        model_building.ngram_range:
        - 1
        - 3
    outs:
    - path: lgbm_model.pkl
      hash: md5
      md5: 1722ce46da2d21e03c478da2906037b5
      size: 4099245
    - path: tfidf_vectorizer.pkl
      hash: md5
      md5: f58a78f320d0b6dee491505f946d6345
      size: 384019
  model_evaluation:
    cmd: python src/model/model_evaluation.py
    deps:
    - path: data/interim/test_processed.csv
      hash: md5
      md5: 0d11eaf10993b74e4b6c14f3a463f61d
      size: 1238818
    - path: data/interim/train_processed.csv
      hash: md5
      md5: a5fc267eaac735187fc4699767d0d70e
      size: 3857115
    - path: lgbm_model.pkl
      hash: md5
      md5: 1722ce46da2d21e03c478da2906037b5
      size: 4099245
    - path: src/model/model_evaluation.py
      hash: md5
      md5: 2c363270e1908cc7d767c78cb986d27d
      size: 7122
    - path: tfidf_vectorizer.pkl
      hash: md5
      md5: f58a78f320d0b6dee491505f946d6345
      size: 384019
    outs:
    - path: experiment_info.json
      hash: md5
      md5: 0488e31c0c9f974ee277e04c600c67fe
      size: 84
  model_registration:
    cmd: python src/model/register_model.py
    deps:
    - path: experiment_info.json
      hash: md5
      md5: 0488e31c0c9f974ee277e04c600c67fe
      size: 84
    - path: src/model/register_model.py
      hash: md5
      md5: 2d7addbe99e52200b1238e522adba7ad
      size: 2385
